{
  "name": "@bilitune/store",
  "version": "1.0.0",
  "lockfileVersion": 3,
  "requires": true,
  "packages": {
    "": {
      "name": "@bilitune/store",
      "version": "1.0.0",
      "dependencies": {
        "@bilitune/api": "file:../api",
        "@bilitune/shared": "file:../shared",
        "immer": "^10.0.0",
        "zustand": "^5.0.0"
      },
      "devDependencies": {
        "typescript": "^5.9.0"
      }
    },
    "../api": {
      "name": "@bilitune/api",
      "version": "1.0.0",
      "dependencies": {
        "@bilitune/shared": "file:../shared"
      },
      "devDependencies": {
        "typescript": "^5.9.0"
      }
    },
    "../shared": {
      "name": "@bilitune/shared",
      "version": "1.0.0",
      "devDependencies": {
        "typescript": "^5.9.0"
      }
    },
    "node_modules/@bilitune/api": {
      "resolved": "../api",
      "link": true
    },
    "node_modules/@bilitune/shared": {
      "resolved": "../shared",
      "link": true
    },
    "node_modules/immer": {
      "version": "10.2.0",
      "resolved": "https://registry.npmjs.org/immer/-/immer-10.2.0.tgz",
      "integrity": "sha512-d/+XTN3zfODyjr89gM3mPq1WNX2B8pYsu7eORitdwyA2sBubnTl3laYlBk4sXY5FUa5qTZGBDPJICVbvqzjlbw==",
      "license": "MIT",
      "funding": {
        "type": "opencollective",
        "url": "https://opencollective.com/immer"
      }
    },
    "node_modules/typescript": {
      "version": "5.9.3",
      "resolved": "https://registry.npmjs.org/typescript/-/typescript-5.9.3.tgz",
      "integrity": "sha512-jl1vZzPDinLr9eUt3J/t7V6FgNEw9QjvBPdysz9KfQDD41fQrC2Y4vKQdiaUpFT4bXlb1RHhLpp8wtm6M5TgSw==",
      "dev": true,
      "license": "Apache-2.0",
      "bin": {
        "tsc": "bin/tsc",
        "tsserver": "bin/tsserver"
      },
      "engines": {
        "node": ">=14.17"
      }
    },
    "node_modules/zustand": {
      "version": "5.0.14",
      "resolved": "https://registry.npmjs.org/zustand/-/zustand-5.0.14.tgz",
      "integrity": "sha512-/8tAspM5LMPr28b3fwLYrtdj77ECpfZviaP75CMTnwO8ISyaE4GDIG/9rDDYq/cH9D2Xw2A2RXglLInmVBQB/g==",
      "license": "MIT",
      "engines": {
        "node": ">=12.20.0"
      },
      "peerDependencies": {
        "@types/react": ">=18.0.0",
        "immer": ">=9.0.6",
        "react": ">=18.0.0",
        "use-sync-external-store": ">=1.2.0"
      },
      "peerDependenciesMeta": {
        "@types/react": {
          "optional": true
        },
        "immer": {
          "optional": true
        },
        "react": {
          "optional": true
        },
        "use-sync-external-store": {
          "optional": true
        }
      }
    }
  }
}
